// !$*UTF8*$!
{
	archiveVersion = 1;
	classes = {
	};
	objectVersion = 51;
	objects = {

/* Begin PBXBuildFile section */
		6E9175000485EA5C4C8CD7C0 /* Pods_WeatherDarkSky.framework in Frameworks */ = {isa = PBXBuildFile; fileRef = 28E45CAAA59186C158068199 /* Pods_WeatherDarkSky.framework */; };
		92374DDB234735070070D248 /* AppDelegate.swift in Sources */ = {isa = PBXBuildFile; fileRef = 92374DDA234735070070D248 /* AppDelegate.swift */; };
		92374DDF234735070070D248 /* HomePageListViewController.swift in Sources */ = {isa = PBXBuildFile; fileRef = 92374DDE234735070070D248 /* HomePageListViewController.swift */; };
		92374DE4234735080070D248 /* Assets.xcassets in Resources */ = {isa = PBXBuildFile; fileRef = 92374DE3234735080070D248 /* Assets.xcassets */; };
		92374DE7234735080070D248 /* LaunchScreen.storyboard in Resources */ = {isa = PBXBuildFile; fileRef = 92374DE5234735080070D248 /* LaunchScreen.storyboard */; };
		92804E2023473937000C1638 /* WeatherModel.swift in Sources */ = {isa = PBXBuildFile; fileRef = 92804E1F23473937000C1638 /* WeatherModel.swift */; };
		92804E2323473EA0000C1638 /* NetworkTools.swift in Sources */ = {isa = PBXBuildFile; fileRef = 92804E2223473EA0000C1638 /* NetworkTools.swift */; };
		92804E25234742E0000C1638 /* WeatherTableViewCell.swift in Sources */ = {isa = PBXBuildFile; fileRef = 92804E24234742E0000C1638 /* WeatherTableViewCell.swift */; };
		92804E2823475167000C1638 /* WeatherDetailsViewController.swift in Sources */ = {isa = PBXBuildFile; fileRef = 92804E2723475167000C1638 /* WeatherDetailsViewController.swift */; };
/* End PBXBuildFile section */

/* Begin PBXFileReference section */
		28E45CAAA59186C158068199 /* Pods_WeatherDarkSky.framework */ = {isa = PBXFileReference; explicitFileType = wrapper.framework; includeInIndex = 0; path = Pods_WeatherDarkSky.framework; sourceTree = BUILT_PRODUCTS_DIR; };
		6EB8BA673EC14C8198EC6432 /* Pods-WeatherDarkSky.release.xcconfig */ = {isa = PBXFileReference; includeInIndex = 1; lastKnownFileType = text.xcconfig; name = "Pods-WeatherDarkSky.release.xcconfig"; path = "Target Support Files/Pods-WeatherDarkSky/Pods-WeatherDarkSky.release.xcconfig"; sourceTree = "<group>"; };
		92374DD7234735070070D248 /* WeatherDarkSky.app */ = {isa = PBXFileReference; explicitFileType = wrapper.application; includeInIndex = 0; path = WeatherDarkSky.app; sourceTree = BUILT_PRODUCTS_DIR; };
		92374DDA234735070070D248 /* AppDelegate.swift */ = {isa = PBXFileReference; lastKnownFileType = sourcecode.swift; path = AppDelegate.swift; sourceTree = "<group>"; };
		92374DDE234735070070D248 /* HomePageListViewController.swift */ = {isa = PBXFileReference; lastKnownFileType = sourcecode.swift; path = HomePageListViewController.swift; sourceTree = "<group>"; };
		92374DE3234735080070D248 /* Assets.xcassets */ = {isa = PBXFileReference; lastKnownFileType = folder.assetcatalog; path = Assets.xcassets; sourceTree = "<group>"; };
		92374DE6234735080070D248 /* Base */ = {isa = PBXFileReference; lastKnownFileType = file.storyboard; name = Base; path = Base.lproj/LaunchScreen.storyboard; sourceTree = "<group>"; };
		92374DE8234735080070D248 /* Info.plist */ = {isa = PBXFileReference; lastKnownFileType = text.plist.xml; path = Info.plist; sourceTree = "<group>"; };
		92804E1F23473937000C1638 /* WeatherModel.swift */ = {isa = PBXFileReference; lastKnownFileType = sourcecode.swift; path = WeatherModel.swift; sourceTree = "<group>"; };
		92804E2223473EA0000C1638 /* NetworkTools.swift */ = {isa = PBXFileReference; lastKnownFileType = sourcecode.swift; path = NetworkTools.swift; sourceTree = "<group>"; };
		92804E24234742E0000C1638 /* WeatherTableViewCell.swift */ = {isa = PBXFileReference; lastKnownFileType = sourcecode.swift; path = WeatherTableViewCell.swift; sourceTree = "<group>"; };
		92804E2723475167000C1638 /* WeatherDetailsViewController.swift */ = {isa = PBXFileReference; lastKnownFileType = sourcecode.swift; path = WeatherDetailsViewController.swift; sourceTree = "<group>"; };
		C3E7EBFB9CE7984F5F816330 /* Pods-WeatherDarkSky.debug.xcconfig */ = {isa = PBXFileReference; includeInIndex = 1; lastKnownFileType = text.xcconfig; name = "Pods-WeatherDarkSky.debug.xcconfig"; path = "Target Support Files/Pods-WeatherDarkSky/Pods-WeatherDarkSky.debug.xcconfig"; sourceTree = "<group>"; };
/* End PBXFileReference section */

/* Begin PBXFrameworksBuildPhase section */
		92374DD4234735070070D248 /* Frameworks */ = {
			isa = PBXFrameworksBuildPhase;
			buildActionMask = 2147483647;
			files = (
				6E9175000485EA5C4C8CD7C0 /* Pods_WeatherDarkSky.framework in Frameworks */,
			);
			runOnlyForDeploymentPostprocessing = 0;
		};
/* End PBXFrameworksBuildPhase section */

/* Begin PBXGroup section */
		0DC5102C3693A028766D1E3D /* Pods */ = {
			isa = PBXGroup;
			children = (
				C3E7EBFB9CE7984F5F816330 /* Pods-WeatherDarkSky.debug.xcconfig */,
				6EB8BA673EC14C8198EC6432 /* Pods-WeatherDarkSky.release.xcconfig */,
			);
			path = Pods;
			sourceTree = "<group>";
		};
		92374DCE234735070070D248 = {
			isa = PBXGroup;
			children = (
				92374DD9234735070070D248 /* WeatherDarkSky */,
				92374DD8234735070070D248 /* Products */,
				0DC5102C3693A028766D1E3D /* Pods */,
				E51E32CEAC867814652CED65 /* Frameworks */,
			);
			sourceTree = "<group>";
		};
		92374DD8234735070070D248 /* Products */ = {
			isa = PBXGroup;
			children = (
				92374DD7234735070070D248 /* WeatherDarkSky.app */,
			);
			name = Products;
			sourceTree = "<group>";
		};
		92374DD9234735070070D248 /* WeatherDarkSky */ = {
			isa = PBXGroup;
			children = (
				92804E2123473D9A000C1638 /* Utils */,
				92374DEE2347352A0070D248 /* HomePage */,
				92804E2623475143000C1638 /* WeatherDetails */,
				92374DDA234735070070D248 /* AppDelegate.swift */,
				92374DE3234735080070D248 /* Assets.xcassets */,
				92374DE5234735080070D248 /* LaunchScreen.storyboard */,
				92374DE8234735080070D248 /* Info.plist */,
			);
			path = WeatherDarkSky;
			sourceTree = "<group>";
		};
		92374DEE2347352A0070D248 /* HomePage */ = {
			isa = PBXGroup;
			children = (
				92374DDE234735070070D248 /* HomePageListViewController.swift */,
				92804E1F23473937000C1638 /* WeatherModel.swift */,
				92804E24234742E0000C1638 /* WeatherTableViewCell.swift */,
			);
			path = HomePage;
			sourceTree = "<group>";
		};
		92804E2123473D9A000C1638 /* Utils */ = {
			isa = PBXGroup;
			children = (
				92804E2223473EA0000C1638 /* NetworkTools.swift */,
			);
			path = Utils;
			sourceTree = "<group>";
		};
		92804E2623475143000C1638 /* WeatherDetails */ = {
			isa = PBXGroup;
			children = (
				92804E2723475167000C1638 /* WeatherDetailsViewController.swift */,
			);
			path = WeatherDetails;
			sourceTree = "<group>";
		};
		E51E32CEAC867814652CED65 /* Frameworks */ = {
			isa = PBXGroup;
			children = (
				28E45CAAA59186C158068199 /* Pods_WeatherDarkSky.framework */,
			);
			name = Frameworks;
			sourceTree = "<group>";
		};
/* End PBXGroup section */

/* Begin PBXNativeTarget section */
		92374DD6234735070070D248 /* WeatherDarkSky */ = {
			isa = PBXNativeTarget;
			buildConfigurationList = 92374DEB234735080070D248 /* Build configuration list for PBXNativeTarget "WeatherDarkSky" */;
			buildPhases = (
				35961D8C5145C5A699E855D6 /* [CP] Check Pods Manifest.lock */,
				92374DD3234735070070D248 /* Sources */,
				92374DD4234735070070D248 /* Frameworks */,
				92374DD5234735070070D248 /* Resources */,
				477213C24A6FC1485E3953A0 /* [CP] Embed Pods Frameworks */,
			);
			buildRules = (
			);
			dependencies = (
			);
			name = WeatherDarkSky;
			productName = WeatherDarkSky;
			productReference = 92374DD7234735070070D248 /* WeatherDarkSky.app */;
			productType = "com.apple.product-type.application";
		};
/* End PBXNativeTarget section */

/* Begin PBXProject section */
		92374DCF234735070070D248 /* Project object */ = {
			isa = PBXProject;
			attributes = {
				LastSwiftUpdateCheck = 1100;
				LastUpgradeCheck = 1100;
				ORGANIZATIONNAME = "Tony He";
				TargetAttributes = {
					92374DD6234735070070D248 = {
						CreatedOnToolsVersion = 11.0;
					};
				};
			};
			buildConfigurationList = 92374DD2234735070070D248 /* Build configuration list for PBXProject "WeatherDarkSky" */;
			compatibilityVersion = "Xcode 9.3";
			developmentRegion = en;
			hasScannedForEncodings = 0;
			knownRegions = (
				en,
				Base,
			);
			mainGroup = 92374DCE234735070070D248;
			productRefGroup = 92374DD8234735070070D248 /* Products */;
			projectDirPath = "";
			projectRoot = "";
			targets = (
				92374DD6234735070070D248 /* WeatherDarkSky */,
			);
		};
/* End PBXProject section */

/* Begin PBXResourcesBuildPhase section */
		92374DD5234735070070D248 /* Resources */ = {
			isa = PBXResourcesBuildPhase;
			buildActionMask = 2147483647;
			files = (
				92374DE7234735080070D248 /* LaunchScreen.storyboard in Resources */,
				92374DE4234735080070D248 /* Assets.xcassets in Resources */,
			);
			runOnlyForDeploymentPostprocessing = 0;
		};
/* End PBXResourcesBuildPhase section */

/* Begin PBXShellScriptBuildPhase section */
		35961D8C5145C5A699E855D6 /* [CP] Check Pods Manifest.lock */ = {
			isa = PBXShellScriptBuildPhase;
			buildActionMask = 2147483647;
			files = (
			);
			inputFileListPaths = (
			);
			inputPaths = (
				"${PODS_PODFILE_DIR_PATH}/Podfile.lock",
				"${PODS_ROOT}/Manifest.lock",
			);
			name = "[CP] Check Pods Manifest.lock";
			outputFileListPaths = (
			);
			outputPaths = (
				"$(DERIVED_FILE_DIR)/Pods-WeatherDarkSky-checkManifestLockResult.txt",
			);
			runOnlyForDeploymentPostprocessing = 0;
			shellPath = /bin/sh;
			shellScript = "diff \"${PODS_PODFILE_DIR_PATH}/Podfile.lock\" \"${PODS_ROOT}/Manifest.lock\" > /dev/null\nif [ $? != 0 ] ; then\n    # print error to STDERR\n    echo \"error: The sandbox is not in sync with the Podfile.lock. Run 'pod install' or update your CocoaPods installation.\" >&2\n    exit 1\nfi\n# This output is used by Xcode 'outputs' to avoid re-running this script phase.\necho \"SUCCESS\" > \"${SCRIPT_OUTPUT_FILE_0}\"\n";
			showEnvVarsInLog = 0;
		};
		477213C24A6FC1485E3953A0 /* [CP] Embed Pods Frameworks */ = {
			isa = PBXShellScriptBuildPhase;
			buildActionMask = 2147483647;
			files = (
			);
			inputFileListPaths = (
				"${PODS_ROOT}/Target Support Files/Pods-WeatherDarkSky/Pods-WeatherDarkSky-frameworks-${CONFIGURATION}-input-files.xcfilelist",
			);
			name = "[CP] Embed Pods Frameworks";
			outputFileListPaths = (
				"${PODS_ROOT}/Target Support Files/Pods-WeatherDarkSky/Pods-WeatherDarkSky-frameworks-${CONFIGURATION}-output-files.xcfilelist",
			);
			runOnlyForDeploymentPostprocessing = 0;
			shellPath = /bin/sh;
			shellScript = "\"${PODS_ROOT}/Target Support Files/Pods-WeatherDarkSky/Pods-WeatherDarkSky-frameworks.sh\"\n";
			showEnvVarsInLog = 0;
		};
/* End PBXShellScriptBuildPhase section */

/* Begin PBXSourcesBuildPhase section */
		92374DD3234735070070D248 /* Sources */ = {
			isa = PBXSourcesBuildPhase;
			buildActionMask = 2147483647;
			files = (
				92804E25234742E0000C1638 /* WeatherTableViewCell.swift in Sources */,
				92374DDF234735070070D248 /* HomePageListViewController.swift in Sources */,
				92804E2823475167000C1638 /* WeatherDetailsViewController.swift in Sources */,
				92374DDB234735070070D248 /* AppDelegate.swift in Sources */,
				92804E2023473937000C1638 /* WeatherModel.swift in Sources */,
				92804E2323473EA0000C1638 /* NetworkTools.swift in Sources */,
			);
			runOnlyForDeploymentPostprocessing = 0;
		};
/* End PBXSourcesBuildPhase section */

/* Begin PBXVariantGroup section */
		92374DE5234735080070D248 /* LaunchScreen.storyboard */ = {
			isa = PBXVariantGroup;
			children = (
				92374DE6234735080070D248 /* Base */,
			);
			name = LaunchScreen.storyboard;
			sourceTree = "<group>";
		};
/* End PBXVariantGroup section */

/* Begin XCBuildConfiguration section */
		92374DE9234735080070D248 /* Debug */ = {
			isa = XCBuildConfiguration;
			buildSettings = {
				ALWAYS_SEARCH_USER_PATHS = NO;
				CLANG_ANALYZER_NONNULL = YES;
				CLANG_ANALYZER_NUMBER_OBJECT_CONVERSION = YES_AGGRESSIVE;
				CLANG_CXX_LANGUAGE_STANDARD = "gnu++14";
				CLANG_CXX_LIBRARY = "libc++";
				CLANG_ENABLE_MODULES = YES;
				CLANG_ENABLE_OBJC_ARC = YES;
				CLANG_ENABLE_OBJC_WEAK = YES;
				CLANG_WARN_BLOCK_CAPTURE_AUTORELEASING = YES;
				CLANG_WARN_BOOL_CONVERSION = YES;
				CLANG_WARN_COMMA = YES;
				CLANG_WARN_CONSTANT_CONVERSION = YES;
				CLANG_WARN_DEPRECATED_OBJC_IMPLEMENTATIONS = YES;
				CLANG_WARN_DIRECT_OBJC_ISA_USAGE = YES_ERROR;
				CLANG_WARN_DOCUMENTATION_COMMENTS = YES;
				CLANG_WARN_EMPTY_BODY = YES;
				CLANG_WARN_ENUM_CONVERSION = YES;
				CLANG_WARN_INFINITE_RECURSION = YES;
				CLANG_WARN_INT_CONVERSION = YES;
				CLANG_WARN_NON_LITERAL_NULL_CONVERSION = YES;
				CLANG_WARN_OBJC_IMPLICIT_RETAIN_SELF = YES;
				CLANG_WARN_OBJC_LITERAL_CONVERSION = YES;
				CLANG_WARN_OBJC_ROOT_CLASS = YES_ERROR;
				CLANG_WARN_RANGE_LOOP_ANALYSIS = YES;
				CLANG_WARN_STRICT_PROTOTYPES = YES;
				CLANG_WARN_SUSPICIOUS_MOVE = YES;
				CLANG_WARN_UNGUARDED_AVAILABILITY = YES_AGGRESSIVE;
				CLANG_WARN_UNREACHABLE_CODE = YES;
				CLANG_WARN__DUPLICATE_METHOD_MATCH = YES;
				COPY_PHASE_STRIP = NO;
				DEBUG_INFORMATION_FORMAT = dwarf;
				ENABLE_STRICT_OBJC_MSGSEND = YES;
				ENABLE_TESTABILITY = YES;
				GCC_C_LANGUAGE_STANDARD = gnu11;
				GCC_DYNAMIC_NO_PIC = NO;
				GCC_NO_COMMON_BLOCKS = YES;
				GCC_OPTIMIZATION_LEVEL = 0;
				GCC_PREPROCESSOR_DEFINITIONS = (
					"DEBUG=1",
					"$(inherited)",
				);
				GCC_WARN_64_TO_32_BIT_CONVERSION = YES;
				GCC_WARN_ABOUT_RETURN_TYPE = YES_ERROR;
				GCC_WARN_UNDECLARED_SELECTOR = YES;
				GCC_WARN_UNINITIALIZED_AUTOS = YES_AGGRESSIVE;
				GCC_WARN_UNUSED_FUNCTION = YES;
				GCC_WARN_UNUSED_VARIABLE = YES;
				IPHONEOS_DEPLOYMENT_TARGET = 13.0;
				MTL_ENABLE_DEBUG_INFO = INCLUDE_SOURCE;
				MTL_FAST_MATH = YES;
				ONLY_ACTIVE_ARCH = YES;
				SDKROOT = iphoneos;
				SWIFT_ACTIVE_COMPILATION_CONDITIONS = DEBUG;
				SWIFT_OPTIMIZATION_LEVEL = "-Onone";
			};
			name = Debug;
		};
		92374DEA234735080070D248 /* Release */ = {
			isa = XCBuildConfiguration;
			buildSettings = {
				ALWAYS_SEARCH_USER_PATHS = NO;
				CLANG_ANALYZER_NONNULL = YES;
				CLANG_ANALYZER_NUMBER_OBJECT_CONVERSION = YES_AGGRESSIVE;
				CLANG_CXX_LANGUAGE_STANDARD = "gnu++14";
				CLANG_CXX_LIBRARY = "libc++";
				CLANG_ENABLE_MODULES = YES;
				CLANG_ENABLE_OBJC_ARC = YES;
				CLANG_ENABLE_OBJC_WEAK = YES;
				CLANG_WARN_BLOCK_CAPTURE_AUTORELEASING = YES;
				CLANG_WARN_BOOL_CONVERSION = YES;
				CLANG_WARN_COMMA = YES;
				CLANG_WARN_CONSTANT_CONVERSION = YES;
				CLANG_WARN_DEPRECATED_OBJC_IMPLEMENTATIONS = YES;
				CLANG_WARN_DIRECT_OBJC_ISA_USAGE = YES_ERROR;
				CLANG_WARN_DOCUMENTATION_COMMENTS = YES;
				CLANG_WARN_EMPTY_BODY = YES;
				CLANG_WARN_ENUM_CONVERSION = YES;
				CLANG_WARN_INFINITE_RECURSION = YES;
				CLANG_WARN_INT_CONVERSION = YES;
				CLANG_WARN_NON_LITERAL_NULL_CONVERSION = YES;
				CLANG_WARN_OBJC_IMPLICIT_RETAIN_SELF = YES;
				CLANG_WARN_OBJC_LITERAL_CONVERSION = YES;
				CLANG_WARN_OBJC_ROOT_CLASS = YES_ERROR;
				CLANG_WARN_RANGE_LOOP_ANALYSIS = YES;
				CLANG_WARN_STRICT_PROTOTYPES = YES;
				CLANG_WARN_SUSPICIOUS_MOVE = YES;
				CLANG_WARN_UNGUARDED_AVAILABILITY = YES_AGGRESSIVE;
				CLANG_WARN_UNREACHABLE_CODE = YES;
				CLANG_WARN__DUPLICATE_METHOD_MATCH = YES;
				COPY_PHASE_STRIP = NO;
				DEBUG_INFORMATION_FORMAT = "dwarf-with-dsym";
				ENABLE_NS_ASSERTIONS = NO;
				ENABLE_STRICT_OBJC_MSGSEND = YES;
				GCC_C_LANGUAGE_STANDARD = gnu11;
				GCC_NO_COMMON_BLOCKS = YES;
				GCC_WARN_64_TO_32_BIT_CONVERSION = YES;
				GCC_WARN_ABOUT_RETURN_TYPE = YES_ERROR;
				GCC_WARN_UNDECLARED_SELECTOR = YES;
				GCC_WARN_UNINITIALIZED_AUTOS = YES_AGGRESSIVE;
				GCC_WARN_UNUSED_FUNCTION = YES;
				GCC_WARN_UNUSED_VARIABLE = YES;
				IPHONEOS_DEPLOYMENT_TARGET = 13.0;
				MTL_ENABLE_DEBUG_INFO = NO;
				MTL_FAST_MATH = YES;
				SDKROOT = iphoneos;
				SWIFT_COMPILATION_MODE = wholemodule;
				SWIFT_OPTIMIZATION_LEVEL = "-O";
				VALIDATE_PRODUCT = YES;
			};
			name = Release;
		};
		92374DEC234735080070D248 /* Debug */ = {
			isa = XCBuildConfiguration;
			baseConfigurationReference = C3E7EBFB9CE7984F5F816330 /* Pods-WeatherDarkSky.debug.xcconfig */;
			buildSettings = {
				ASSETCATALOG_COMPILER_APPICON_NAME = AppIcon;
				CODE_SIGN_STYLE = Automatic;
				INFOPLIST_FILE = WeatherDarkSky/Info.plist;
				LD_RUNPATH_SEARCH_PATHS = (
					"$(inherited)",
					"@executable_path/Frameworks",
				);
				PRODUCT_BUNDLE_IDENTIFIER = com.tonyhe.WeatherDarkSky;
				PRODUCT_NAME = "$(TARGET_NAME)";
				SWIFT_VERSION = 5.0;
				TARGETED_DEVICE_FAMILY = "1,2";
			};
			name = Debug;
		};
		92374DED234735080070D248 /* Release */ = {
			isa = XCBuildConfiguration;
			baseConfigurationReference = 6EB8BA673EC14C8198EC6432 /* Pods-WeatherDarkSky.release.xcconfig */;
			buildSettings = {
				ASSETCATALOG_COMPILER_APPICON_NAME = AppIcon;
				CODE_SIGN_STYLE = Automatic;
				INFOPLIST_FILE = WeatherDarkSky/Info.plist;
				LD_RUNPATH_SEARCH_PATHS = (
					"$(inherited)",
					"@executable_path/Frameworks",
				);
				PRODUCT_BUNDLE_IDENTIFIER = com.tonyhe.WeatherDarkSky;
				PRODUCT_NAME = "$(TARGET_NAME)";
				SWIFT_VERSION = 5.0;
				TARGETED_DEVICE_FAMILY = "1,2";
			};
			name = Release;
		};
/* End XCBuildConfiguration section */

/* Begin XCConfigurationList section */
		92374DD2234735070070D248 /* Build configuration list for PBXProject "WeatherDarkSky" */ = {
			isa = XCConfigurationList;
			buildConfigurations = (
				92374DE9234735080070D248 /* Debug */,
				92374DEA234735080070D248 /* Release */,
			);
			defaultConfigurationIsVisible = 0;
			defaultConfigurationName = Release;
		};
		92374DEB234735080070D248 /* Build configuration list for PBXNativeTarget "WeatherDarkSky" */ = {
			isa = XCConfigurationList;
			buildConfigurations = (
				92374DEC234735080070D248 /* Debug */,
				92374DED234735080070D248 /* Release */,
			);
			defaultConfigurationIsVisible = 0;
			defaultConfigurationName = Release;
		};
/* End XCConfigurationList section */
	};
	rootObject = 92374DCF234735070070D248 /* Project object */;
}
